// !$*UTF8*$!
{
	archiveVersion = 1;
	classes = {
	};
	objectVersion = 50;
	objects = {

/* Begin PBXBuildFile section */
		C70FB0FB25BEF61C00C9924E /* AppDelegate.swift in Sources */ = {isa = PBXBuildFile; fileRef = C70FB0FA25BEF61C00C9924E /* AppDelegate.swift */; };
		C70FB0FD25BEF61C00C9924E /* SceneDelegate.swift in Sources */ = {isa = PBXBuildFile; fileRef = C70FB0FC25BEF61C00C9924E /* SceneDelegate.swift */; };
		C70FB0FF25BEF61C00C9924E /* OpenMarketViewController.swift in Sources */ = {isa = PBXBuildFile; fileRef = C70FB0FE25BEF61C00C9924E /* OpenMarketViewController.swift */; };
		C70FB10425BEF61D00C9924E /* Assets.xcassets in Resources */ = {isa = PBXBuildFile; fileRef = C70FB10325BEF61D00C9924E /* Assets.xcassets */; };
		C70FB10725BEF61D00C9924E /* LaunchScreen.storyboard in Resources */ = {isa = PBXBuildFile; fileRef = C70FB10525BEF61D00C9924E /* LaunchScreen.storyboard */; };
		EA09BCAE270197FC00C20110 /* BuildRequestTest.swift in Sources */ = {isa = PBXBuildFile; fileRef = EA09BCAD270197FC00C20110 /* BuildRequestTest.swift */; };
		EA09BCB02701DB6500C20110 /* MultipartFormConvertTests.swift in Sources */ = {isa = PBXBuildFile; fileRef = EA09BCAF2701DB6500C20110 /* MultipartFormConvertTests.swift */; };
		EA19BE6C26F0FA08000C3CFC /* Notification.Name+Extension.swift in Sources */ = {isa = PBXBuildFile; fileRef = EA19BE6B26F0FA08000C3CFC /* Notification.Name+Extension.swift */; };
		EA47610C26F4B81700869211 /* CachedImageLoader.swift in Sources */ = {isa = PBXBuildFile; fileRef = EA47610B26F4B81700869211 /* CachedImageLoader.swift */; };
		EA47610E26F4BBAC00869211 /* Network.swift in Sources */ = {isa = PBXBuildFile; fileRef = EA47610D26F4BBAC00869211 /* Network.swift */; };
		EA47611026F4C65A00869211 /* DataParser.swift in Sources */ = {isa = PBXBuildFile; fileRef = EA47610F26F4C65A00869211 /* DataParser.swift */; };
		EA47611226F4DEA600869211 /* ImageDownloader.swift in Sources */ = {isa = PBXBuildFile; fileRef = EA47611126F4DEA600869211 /* ImageDownloader.swift */; };
		EA47611426F4E4DC00869211 /* OpenMarketDataManager.swift in Sources */ = {isa = PBXBuildFile; fileRef = EA47611326F4E4DC00869211 /* OpenMarketDataManager.swift */; };
		EA47611726F4E52B00869211 /* ImageDownloadable.swift in Sources */ = {isa = PBXBuildFile; fileRef = EA47611626F4E52B00869211 /* ImageDownloadable.swift */; };
		EA47611926F4E89B00869211 /* Networkable.swift in Sources */ = {isa = PBXBuildFile; fileRef = EA47611826F4E89B00869211 /* Networkable.swift */; };
		EA47611B26F4EA8100869211 /* CachedImageLoadable.swift in Sources */ = {isa = PBXBuildFile; fileRef = EA47611A26F4EA8100869211 /* CachedImageLoadable.swift */; };
		EA47611D26F4EB9400869211 /* DataParsible.swift in Sources */ = {isa = PBXBuildFile; fileRef = EA47611C26F4EB9400869211 /* DataParsible.swift */; };
		EA47611F26F4ED1E00869211 /* MultipartFormDataBuilder.swift in Sources */ = {isa = PBXBuildFile; fileRef = EA47611E26F4ED1E00869211 /* MultipartFormDataBuilder.swift */; };
		EA47612126F4F37500869211 /* MultipartFormDataConverter.swift in Sources */ = {isa = PBXBuildFile; fileRef = EA47612026F4F37500869211 /* MultipartFormDataConverter.swift */; };
		EA47612326F4F3DD00869211 /* MultipartFormDataConvertible.swift in Sources */ = {isa = PBXBuildFile; fileRef = EA47612226F4F3DD00869211 /* MultipartFormDataConvertible.swift */; };
		EA47612526F4F50900869211 /* MimeType.swift in Sources */ = {isa = PBXBuildFile; fileRef = EA47612426F4F50900869211 /* MimeType.swift */; };
		EA47612726F4F6FA00869211 /* MultipartFormDataBuildable.swift in Sources */ = {isa = PBXBuildFile; fileRef = EA47612626F4F6FA00869211 /* MultipartFormDataBuildable.swift */; };
		EA47612926F4F9E600869211 /* OpenMarketURL.swift in Sources */ = {isa = PBXBuildFile; fileRef = EA47612826F4F9E600869211 /* OpenMarketURL.swift */; };
		EA47612B26F5139400869211 /* RequestBuilder.swift in Sources */ = {isa = PBXBuildFile; fileRef = EA47612A26F5139400869211 /* RequestBuilder.swift */; };
		EA47612D26F5141900869211 /* RequestBuildable.swift in Sources */ = {isa = PBXBuildFile; fileRef = EA47612C26F5141900869211 /* RequestBuildable.swift */; };
		EA5DCEE626F1A9F300A793CC /* OpenMarketItemToDelete.swift in Sources */ = {isa = PBXBuildFile; fileRef = EA5DCEE526F1A9F300A793CC /* OpenMarketItemToDelete.swift */; };
		EA5DCF2626F4AFAB00A793CC /* ImageCache.swift in Sources */ = {isa = PBXBuildFile; fileRef = EA5DCF2526F4AFAB00A793CC /* ImageCache.swift */; };
		EA67D2CF27029C3900CB609C /* MockMultipartFormDataBuilder.swift in Sources */ = {isa = PBXBuildFile; fileRef = EA67D2CE27029C3900CB609C /* MockMultipartFormDataBuilder.swift */; };
		EA67D2D32702A34200CB609C /* MultipartFormBuildTests.swift in Sources */ = {isa = PBXBuildFile; fileRef = EA67D2D22702A34200CB609C /* MultipartFormBuildTests.swift */; };
		EA67D2D52702A5D500CB609C /* SpyMultipartFormDataBuilder.swift in Sources */ = {isa = PBXBuildFile; fileRef = EA67D2D42702A5D500CB609C /* SpyMultipartFormDataBuilder.swift */; };
		EA67D2DB27030BFC00CB609C /* MockImageDownloader.swift in Sources */ = {isa = PBXBuildFile; fileRef = EA67D2DA27030BFC00CB609C /* MockImageDownloader.swift */; };
		EA67D2DD27030E1000CB609C /* DownloadImageTests.swift in Sources */ = {isa = PBXBuildFile; fileRef = EA67D2DC27030E1000CB609C /* DownloadImageTests.swift */; };
		EA67D2E127033A1D00CB609C /* MockCachedImageLoader.swift in Sources */ = {isa = PBXBuildFile; fileRef = EA67D2E027033A1D00CB609C /* MockCachedImageLoader.swift */; };
		EA67D2E727034E9B00CB609C /* ImageLoadingTests.swift in Sources */ = {isa = PBXBuildFile; fileRef = EA67D2E627034E9B00CB609C /* ImageLoadingTests.swift */; };
		EA8592B626FDFD32003E1FA7 /* UIImageView+Extension.swift in Sources */ = {isa = PBXBuildFile; fileRef = EA8592B526FDFD32003E1FA7 /* UIImageView+Extension.swift */; };
		EA8592B826FF724A003E1FA7 /* CacheManager.swift in Sources */ = {isa = PBXBuildFile; fileRef = EA8592B726FF724A003E1FA7 /* CacheManager.swift */; };
		EA8E967C266DE472001280CF /* OpenMarketGridCollectionViewCell.swift in Sources */ = {isa = PBXBuildFile; fileRef = EA8E967B266DE472001280CF /* OpenMarketGridCollectionViewCell.swift */; };
		EA8E967E266DF913001280CF /* CellLayout.swift in Sources */ = {isa = PBXBuildFile; fileRef = EA8E967D266DF913001280CF /* CellLayout.swift */; };
		EA8E9683266E478A001280CF /* String+Extension.swift in Sources */ = {isa = PBXBuildFile; fileRef = EA8E9682266E478A001280CF /* String+Extension.swift */; };
		EAA7C58A2704035700270267 /* OpenMarketDataManageTests.swift in Sources */ = {isa = PBXBuildFile; fileRef = EAA7C5892704035700270267 /* OpenMarketDataManageTests.swift */; };
		EAA7C59D2707359D00270267 /* OpenMarketListDataStorage.swift in Sources */ = {isa = PBXBuildFile; fileRef = EAA7C59C2707359D00270267 /* OpenMarketListDataStorage.swift */; };
		EAA7C59F2707363A00270267 /* OpenMarketDataManageable.swift in Sources */ = {isa = PBXBuildFile; fileRef = EAA7C59E2707363A00270267 /* OpenMarketDataManageable.swift */; };
		EAA7C5A22707406D00270267 /* OpenMarketItemInformationDataStorage.swift in Sources */ = {isa = PBXBuildFile; fileRef = EAA7C5A12707406D00270267 /* OpenMarketItemInformationDataStorage.swift */; };
		EAA7C5A42707452900270267 /* OpenMarketMultipartFormDataStorage.swift in Sources */ = {isa = PBXBuildFile; fileRef = EAA7C5A32707452900270267 /* OpenMarketMultipartFormDataStorage.swift */; };
		EAA7C5A627081BA300270267 /* MockOpenMarketDataManager.swift in Sources */ = {isa = PBXBuildFile; fileRef = EAA7C5A527081BA300270267 /* MockOpenMarketDataManager.swift */; };
		EAA7C5AA2708268F00270267 /* OpenMarketListDataStorageTests.swift in Sources */ = {isa = PBXBuildFile; fileRef = EAA7C5A92708268F00270267 /* OpenMarketListDataStorageTests.swift */; };
		EAA7C5AC2708914800270267 /* OpenMarketItemInformationDataStorageTests.swift in Sources */ = {isa = PBXBuildFile; fileRef = EAA7C5AB2708914800270267 /* OpenMarketItemInformationDataStorageTests.swift */; };
		EAA7C5AE2708A56900270267 /* OpenMarketMultipartFormDataStorageTests.swift in Sources */ = {isa = PBXBuildFile; fileRef = EAA7C5AD2708A56900270267 /* OpenMarketMultipartFormDataStorageTests.swift */; };
		EAB785662664C9760090C7FC /* HTTPMethods.swift in Sources */ = {isa = PBXBuildFile; fileRef = EAB785652664C9760090C7FC /* HTTPMethods.swift */; };
		EAB785692664CCEF0090C7FC /* OpenMarketItemList.swift in Sources */ = {isa = PBXBuildFile; fileRef = EAB785682664CCEF0090C7FC /* OpenMarketItemList.swift */; };
		EAB785702664E6980090C7FC /* DataError.swift in Sources */ = {isa = PBXBuildFile; fileRef = EAB7856F2664E6980090C7FC /* DataError.swift */; };
		EAB785782665238A0090C7FC /* OpenMarketNetworkTests.swift in Sources */ = {isa = PBXBuildFile; fileRef = EAB785772665238A0090C7FC /* OpenMarketNetworkTests.swift */; };
		EAB78586266613910090C7FC /* URLSessionProtocol.swift in Sources */ = {isa = PBXBuildFile; fileRef = EAB78585266613910090C7FC /* URLSessionProtocol.swift */; };
		EAB785882666144E0090C7FC /* MockURLSessionDataTask.swift in Sources */ = {isa = PBXBuildFile; fileRef = EAB785872666144E0090C7FC /* MockURLSessionDataTask.swift */; };
		EAB7858C266615AF0090C7FC /* MockURLSession.swift in Sources */ = {isa = PBXBuildFile; fileRef = EAB7858B266615AF0090C7FC /* MockURLSession.swift */; };
		EAB78597266766130090C7FC /* OpenMarketListCollectionViewCell.swift in Sources */ = {isa = PBXBuildFile; fileRef = EAB78596266766130090C7FC /* OpenMarketListCollectionViewCell.swift */; };
		EAB785992668D8810090C7FC /* NetworkResponseError.swift in Sources */ = {isa = PBXBuildFile; fileRef = EAB785982668D8810090C7FC /* NetworkResponseError.swift */; };
		EAC6ED3C267C9E52006DDA78 /* TitleTextField.swift in Sources */ = {isa = PBXBuildFile; fileRef = EAC6ED3B267C9E52006DDA78 /* TitleTextField.swift */; };
		EAC6ED40267CCC78006DDA78 /* PriceTextField.swift in Sources */ = {isa = PBXBuildFile; fileRef = EAC6ED3F267CCC78006DDA78 /* PriceTextField.swift */; };
		EAC6ED42267CCDBC006DDA78 /* DiscountedPriceTextField.swift in Sources */ = {isa = PBXBuildFile; fileRef = EAC6ED41267CCDBC006DDA78 /* DiscountedPriceTextField.swift */; };
		EAC6ED44267CCFDF006DDA78 /* StockTextField.swift in Sources */ = {isa = PBXBuildFile; fileRef = EAC6ED43267CCFDF006DDA78 /* StockTextField.swift */; };
		EAC6ED46267CD18B006DDA78 /* PasswordTextField.swift in Sources */ = {isa = PBXBuildFile; fileRef = EAC6ED45267CD18B006DDA78 /* PasswordTextField.swift */; };
		EAC6ED48267CD789006DDA78 /* CurrencyTextField.swift in Sources */ = {isa = PBXBuildFile; fileRef = EAC6ED47267CD789006DDA78 /* CurrencyTextField.swift */; };
		EAC8F7D326915ABA002A07C2 /* ImageCompressor.swift in Sources */ = {isa = PBXBuildFile; fileRef = EAC8F7D226915ABA002A07C2 /* ImageCompressor.swift */; };
		EAD0EB2226D670FF0029BE6C /* OpenMarketDetailedItemViewController.swift in Sources */ = {isa = PBXBuildFile; fileRef = EAD0EB2126D670FF0029BE6C /* OpenMarketDetailedItemViewController.swift */; };
		EADC04D926DCBEB900A0DF6E /* OpenMarketItemWithDetailInformation.swift in Sources */ = {isa = PBXBuildFile; fileRef = EADC04D826DCBEB900A0DF6E /* OpenMarketItemWithDetailInformation.swift */; };
		EADC04DD26DD006200A0DF6E /* Date+Extension.swift in Sources */ = {isa = PBXBuildFile; fileRef = EADC04DC26DD006200A0DF6E /* Date+Extension.swift */; };
		EAED324E26EEF80A00892700 /* OpenMarketItemToPostOrPatch.swift in Sources */ = {isa = PBXBuildFile; fileRef = EAED324D26EEF80A00892700 /* OpenMarketItemToPostOrPatch.swift */; };
		EAED325026EEF84200892700 /* TextFieldConvertible.swift in Sources */ = {isa = PBXBuildFile; fileRef = EAED324F26EEF84200892700 /* TextFieldConvertible.swift */; };
		EAEF60E526774DD900D82B73 /* OpenMarketItemViewController.swift in Sources */ = {isa = PBXBuildFile; fileRef = EAEF60E426774DD900D82B73 /* OpenMarketItemViewController.swift */; };
		EAEF60E9267892D200D82B73 /* ImagePickerCollectionViewCell.swift in Sources */ = {isa = PBXBuildFile; fileRef = EAEF60E8267892D200D82B73 /* ImagePickerCollectionViewCell.swift */; };
		EAEF60ED2678C31900D82B73 /* RemoveDelegate.swift in Sources */ = {isa = PBXBuildFile; fileRef = EAEF60EC2678C31900D82B73 /* RemoveDelegate.swift */; };
		EAEF60F0267B76D800D82B73 /* NSMutableData + Extension.swift in Sources */ = {isa = PBXBuildFile; fileRef = EAEF60EF267B76D800D82B73 /* NSMutableData + Extension.swift */; };
/* End PBXBuildFile section */

/* Begin PBXContainerItemProxy section */
		EAB7857A2665238A0090C7FC /* PBXContainerItemProxy */ = {
			isa = PBXContainerItemProxy;
			containerPortal = C70FB0EF25BEF61C00C9924E /* Project object */;
			proxyType = 1;
			remoteGlobalIDString = C70FB0F625BEF61C00C9924E;
			remoteInfo = OpenMarket;
		};
/* End PBXContainerItemProxy section */

/* Begin PBXFileReference section */
		C70FB0F725BEF61C00C9924E /* OpenMarket.app */ = {isa = PBXFileReference; explicitFileType = wrapper.application; includeInIndex = 0; path = OpenMarket.app; sourceTree = BUILT_PRODUCTS_DIR; };
		C70FB0FA25BEF61C00C9924E /* AppDelegate.swift */ = {isa = PBXFileReference; lastKnownFileType = sourcecode.swift; path = AppDelegate.swift; sourceTree = "<group>"; };
		C70FB0FC25BEF61C00C9924E /* SceneDelegate.swift */ = {isa = PBXFileReference; lastKnownFileType = sourcecode.swift; path = SceneDelegate.swift; sourceTree = "<group>"; };
		C70FB0FE25BEF61C00C9924E /* OpenMarketViewController.swift */ = {isa = PBXFileReference; lastKnownFileType = sourcecode.swift; path = OpenMarketViewController.swift; sourceTree = "<group>"; };
		C70FB10325BEF61D00C9924E /* Assets.xcassets */ = {isa = PBXFileReference; lastKnownFileType = folder.assetcatalog; path = Assets.xcassets; sourceTree = "<group>"; };
		C70FB10625BEF61D00C9924E /* Base */ = {isa = PBXFileReference; lastKnownFileType = file.storyboard; name = Base; path = Base.lproj/LaunchScreen.storyboard; sourceTree = "<group>"; };
		C70FB10825BEF61D00C9924E /* Info.plist */ = {isa = PBXFileReference; lastKnownFileType = text.plist.xml; path = Info.plist; sourceTree = "<group>"; };
		EA09BCAD270197FC00C20110 /* BuildRequestTest.swift */ = {isa = PBXFileReference; lastKnownFileType = sourcecode.swift; path = BuildRequestTest.swift; sourceTree = "<group>"; };
		EA09BCAF2701DB6500C20110 /* MultipartFormConvertTests.swift */ = {isa = PBXFileReference; lastKnownFileType = sourcecode.swift; path = MultipartFormConvertTests.swift; sourceTree = "<group>"; };
		EA19BE6B26F0FA08000C3CFC /* Notification.Name+Extension.swift */ = {isa = PBXFileReference; lastKnownFileType = sourcecode.swift; path = "Notification.Name+Extension.swift"; sourceTree = "<group>"; };
		EA47610B26F4B81700869211 /* CachedImageLoader.swift */ = {isa = PBXFileReference; lastKnownFileType = sourcecode.swift; path = CachedImageLoader.swift; sourceTree = "<group>"; };
		EA47610D26F4BBAC00869211 /* Network.swift */ = {isa = PBXFileReference; lastKnownFileType = sourcecode.swift; path = Network.swift; sourceTree = "<group>"; };
		EA47610F26F4C65A00869211 /* DataParser.swift */ = {isa = PBXFileReference; lastKnownFileType = sourcecode.swift; path = DataParser.swift; sourceTree = "<group>"; };
		EA47611126F4DEA600869211 /* ImageDownloader.swift */ = {isa = PBXFileReference; lastKnownFileType = sourcecode.swift; path = ImageDownloader.swift; sourceTree = "<group>"; };
		EA47611326F4E4DC00869211 /* OpenMarketDataManager.swift */ = {isa = PBXFileReference; lastKnownFileType = sourcecode.swift; path = OpenMarketDataManager.swift; sourceTree = "<group>"; };
		EA47611626F4E52B00869211 /* ImageDownloadable.swift */ = {isa = PBXFileReference; lastKnownFileType = sourcecode.swift; path = ImageDownloadable.swift; sourceTree = "<group>"; };
		EA47611826F4E89B00869211 /* Networkable.swift */ = {isa = PBXFileReference; lastKnownFileType = sourcecode.swift; path = Networkable.swift; sourceTree = "<group>"; };
		EA47611A26F4EA8100869211 /* CachedImageLoadable.swift */ = {isa = PBXFileReference; lastKnownFileType = sourcecode.swift; path = CachedImageLoadable.swift; sourceTree = "<group>"; };
		EA47611C26F4EB9400869211 /* DataParsible.swift */ = {isa = PBXFileReference; lastKnownFileType = sourcecode.swift; path = DataParsible.swift; sourceTree = "<group>"; };
		EA47611E26F4ED1E00869211 /* MultipartFormDataBuilder.swift */ = {isa = PBXFileReference; lastKnownFileType = sourcecode.swift; path = MultipartFormDataBuilder.swift; sourceTree = "<group>"; };
		EA47612026F4F37500869211 /* MultipartFormDataConverter.swift */ = {isa = PBXFileReference; lastKnownFileType = sourcecode.swift; path = MultipartFormDataConverter.swift; sourceTree = "<group>"; };
		EA47612226F4F3DD00869211 /* MultipartFormDataConvertible.swift */ = {isa = PBXFileReference; lastKnownFileType = sourcecode.swift; path = MultipartFormDataConvertible.swift; sourceTree = "<group>"; };
		EA47612426F4F50900869211 /* MimeType.swift */ = {isa = PBXFileReference; lastKnownFileType = sourcecode.swift; path = MimeType.swift; sourceTree = "<group>"; };
		EA47612626F4F6FA00869211 /* MultipartFormDataBuildable.swift */ = {isa = PBXFileReference; lastKnownFileType = sourcecode.swift; path = MultipartFormDataBuildable.swift; sourceTree = "<group>"; };
		EA47612826F4F9E600869211 /* OpenMarketURL.swift */ = {isa = PBXFileReference; lastKnownFileType = sourcecode.swift; path = OpenMarketURL.swift; sourceTree = "<group>"; };
		EA47612A26F5139400869211 /* RequestBuilder.swift */ = {isa = PBXFileReference; lastKnownFileType = sourcecode.swift; path = RequestBuilder.swift; sourceTree = "<group>"; };
		EA47612C26F5141900869211 /* RequestBuildable.swift */ = {isa = PBXFileReference; lastKnownFileType = sourcecode.swift; path = RequestBuildable.swift; sourceTree = "<group>"; };
		EA5DCEE526F1A9F300A793CC /* OpenMarketItemToDelete.swift */ = {isa = PBXFileReference; lastKnownFileType = sourcecode.swift; path = OpenMarketItemToDelete.swift; sourceTree = "<group>"; };
		EA5DCF2526F4AFAB00A793CC /* ImageCache.swift */ = {isa = PBXFileReference; lastKnownFileType = sourcecode.swift; path = ImageCache.swift; sourceTree = "<group>"; };
		EA67D2CE27029C3900CB609C /* MockMultipartFormDataBuilder.swift */ = {isa = PBXFileReference; lastKnownFileType = sourcecode.swift; path = MockMultipartFormDataBuilder.swift; sourceTree = "<group>"; };
		EA67D2D22702A34200CB609C /* MultipartFormBuildTests.swift */ = {isa = PBXFileReference; lastKnownFileType = sourcecode.swift; path = MultipartFormBuildTests.swift; sourceTree = "<group>"; };
		EA67D2D42702A5D500CB609C /* SpyMultipartFormDataBuilder.swift */ = {isa = PBXFileReference; lastKnownFileType = sourcecode.swift; path = SpyMultipartFormDataBuilder.swift; sourceTree = "<group>"; };
		EA67D2DA27030BFC00CB609C /* MockImageDownloader.swift */ = {isa = PBXFileReference; lastKnownFileType = sourcecode.swift; path = MockImageDownloader.swift; sourceTree = "<group>"; };
		EA67D2DC27030E1000CB609C /* DownloadImageTests.swift */ = {isa = PBXFileReference; lastKnownFileType = sourcecode.swift; path = DownloadImageTests.swift; sourceTree = "<group>"; };
		EA67D2E027033A1D00CB609C /* MockCachedImageLoader.swift */ = {isa = PBXFileReference; lastKnownFileType = sourcecode.swift; path = MockCachedImageLoader.swift; sourceTree = "<group>"; };
		EA67D2E627034E9B00CB609C /* ImageLoadingTests.swift */ = {isa = PBXFileReference; lastKnownFileType = sourcecode.swift; path = ImageLoadingTests.swift; sourceTree = "<group>"; };
		EA8592B526FDFD32003E1FA7 /* UIImageView+Extension.swift */ = {isa = PBXFileReference; lastKnownFileType = sourcecode.swift; path = "UIImageView+Extension.swift"; sourceTree = "<group>"; };
		EA8592B726FF724A003E1FA7 /* CacheManager.swift */ = {isa = PBXFileReference; lastKnownFileType = sourcecode.swift; path = CacheManager.swift; sourceTree = "<group>"; };
		EA8E967B266DE472001280CF /* OpenMarketGridCollectionViewCell.swift */ = {isa = PBXFileReference; lastKnownFileType = sourcecode.swift; path = OpenMarketGridCollectionViewCell.swift; sourceTree = "<group>"; };
		EA8E967D266DF913001280CF /* CellLayout.swift */ = {isa = PBXFileReference; lastKnownFileType = sourcecode.swift; path = CellLayout.swift; sourceTree = "<group>"; };
		EA8E9682266E478A001280CF /* String+Extension.swift */ = {isa = PBXFileReference; lastKnownFileType = sourcecode.swift; path = "String+Extension.swift"; sourceTree = "<group>"; };
		EAA7C5892704035700270267 /* OpenMarketDataManageTests.swift */ = {isa = PBXFileReference; lastKnownFileType = sourcecode.swift; path = OpenMarketDataManageTests.swift; sourceTree = "<group>"; };
		EAA7C59C2707359D00270267 /* OpenMarketListDataStorage.swift */ = {isa = PBXFileReference; lastKnownFileType = sourcecode.swift; path = OpenMarketListDataStorage.swift; sourceTree = "<group>"; };
		EAA7C59E2707363A00270267 /* OpenMarketDataManageable.swift */ = {isa = PBXFileReference; lastKnownFileType = sourcecode.swift; path = OpenMarketDataManageable.swift; sourceTree = "<group>"; };
		EAA7C5A12707406D00270267 /* OpenMarketItemInformationDataStorage.swift */ = {isa = PBXFileReference; lastKnownFileType = sourcecode.swift; path = OpenMarketItemInformationDataStorage.swift; sourceTree = "<group>"; };
		EAA7C5A32707452900270267 /* OpenMarketMultipartFormDataStorage.swift */ = {isa = PBXFileReference; lastKnownFileType = sourcecode.swift; path = OpenMarketMultipartFormDataStorage.swift; sourceTree = "<group>"; };
		EAA7C5A527081BA300270267 /* MockOpenMarketDataManager.swift */ = {isa = PBXFileReference; lastKnownFileType = sourcecode.swift; path = MockOpenMarketDataManager.swift; sourceTree = "<group>"; };
		EAA7C5A92708268F00270267 /* OpenMarketListDataStorageTests.swift */ = {isa = PBXFileReference; lastKnownFileType = sourcecode.swift; path = OpenMarketListDataStorageTests.swift; sourceTree = "<group>"; };
		EAA7C5AB2708914800270267 /* OpenMarketItemInformationDataStorageTests.swift */ = {isa = PBXFileReference; lastKnownFileType = sourcecode.swift; path = OpenMarketItemInformationDataStorageTests.swift; sourceTree = "<group>"; };
		EAA7C5AD2708A56900270267 /* OpenMarketMultipartFormDataStorageTests.swift */ = {isa = PBXFileReference; lastKnownFileType = sourcecode.swift; path = OpenMarketMultipartFormDataStorageTests.swift; sourceTree = "<group>"; };
		EAB785652664C9760090C7FC /* HTTPMethods.swift */ = {isa = PBXFileReference; lastKnownFileType = sourcecode.swift; path = HTTPMethods.swift; sourceTree = "<group>"; };
		EAB785682664CCEF0090C7FC /* OpenMarketItemList.swift */ = {isa = PBXFileReference; lastKnownFileType = sourcecode.swift; path = OpenMarketItemList.swift; sourceTree = "<group>"; };
		EAB7856F2664E6980090C7FC /* DataError.swift */ = {isa = PBXFileReference; lastKnownFileType = sourcecode.swift; path = DataError.swift; sourceTree = "<group>"; };
		EAB785752665238A0090C7FC /* OpenMarketNetworkTests.xctest */ = {isa = PBXFileReference; explicitFileType = wrapper.cfbundle; includeInIndex = 0; path = OpenMarketNetworkTests.xctest; sourceTree = BUILT_PRODUCTS_DIR; };
		EAB785772665238A0090C7FC /* OpenMarketNetworkTests.swift */ = {isa = PBXFileReference; lastKnownFileType = sourcecode.swift; path = OpenMarketNetworkTests.swift; sourceTree = "<group>"; };
		EAB785792665238A0090C7FC /* Info.plist */ = {isa = PBXFileReference; lastKnownFileType = text.plist.xml; path = Info.plist; sourceTree = "<group>"; };
		EAB78585266613910090C7FC /* URLSessionProtocol.swift */ = {isa = PBXFileReference; lastKnownFileType = sourcecode.swift; path = URLSessionProtocol.swift; sourceTree = "<group>"; };
		EAB785872666144E0090C7FC /* MockURLSessionDataTask.swift */ = {isa = PBXFileReference; lastKnownFileType = sourcecode.swift; path = MockURLSessionDataTask.swift; sourceTree = "<group>"; };
		EAB7858B266615AF0090C7FC /* MockURLSession.swift */ = {isa = PBXFileReference; lastKnownFileType = sourcecode.swift; path = MockURLSession.swift; sourceTree = "<group>"; };
		EAB78596266766130090C7FC /* OpenMarketListCollectionViewCell.swift */ = {isa = PBXFileReference; lastKnownFileType = sourcecode.swift; path = OpenMarketListCollectionViewCell.swift; sourceTree = "<group>"; };
		EAB785982668D8810090C7FC /* NetworkResponseError.swift */ = {isa = PBXFileReference; lastKnownFileType = sourcecode.swift; path = NetworkResponseError.swift; sourceTree = "<group>"; };
		EAC6ED3B267C9E52006DDA78 /* TitleTextField.swift */ = {isa = PBXFileReference; lastKnownFileType = sourcecode.swift; path = TitleTextField.swift; sourceTree = "<group>"; };
		EAC6ED3F267CCC78006DDA78 /* PriceTextField.swift */ = {isa = PBXFileReference; lastKnownFileType = sourcecode.swift; path = PriceTextField.swift; sourceTree = "<group>"; };
		EAC6ED41267CCDBC006DDA78 /* DiscountedPriceTextField.swift */ = {isa = PBXFileReference; lastKnownFileType = sourcecode.swift; path = DiscountedPriceTextField.swift; sourceTree = "<group>"; };
		EAC6ED43267CCFDF006DDA78 /* StockTextField.swift */ = {isa = PBXFileReference; lastKnownFileType = sourcecode.swift; path = StockTextField.swift; sourceTree = "<group>"; };
		EAC6ED45267CD18B006DDA78 /* PasswordTextField.swift */ = {isa = PBXFileReference; lastKnownFileType = sourcecode.swift; path = PasswordTextField.swift; sourceTree = "<group>"; };
		EAC6ED47267CD789006DDA78 /* CurrencyTextField.swift */ = {isa = PBXFileReference; lastKnownFileType = sourcecode.swift; path = CurrencyTextField.swift; sourceTree = "<group>"; };
		EAC8F7D226915ABA002A07C2 /* ImageCompressor.swift */ = {isa = PBXFileReference; lastKnownFileType = sourcecode.swift; path = ImageCompressor.swift; sourceTree = "<group>"; };
		EAD0EB2126D670FF0029BE6C /* OpenMarketDetailedItemViewController.swift */ = {isa = PBXFileReference; lastKnownFileType = sourcecode.swift; path = OpenMarketDetailedItemViewController.swift; sourceTree = "<group>"; };
		EADC04D826DCBEB900A0DF6E /* OpenMarketItemWithDetailInformation.swift */ = {isa = PBXFileReference; lastKnownFileType = sourcecode.swift; path = OpenMarketItemWithDetailInformation.swift; sourceTree = "<group>"; };
		EADC04DC26DD006200A0DF6E /* Date+Extension.swift */ = {isa = PBXFileReference; lastKnownFileType = sourcecode.swift; path = "Date+Extension.swift"; sourceTree = "<group>"; };
		EAED324D26EEF80A00892700 /* OpenMarketItemToPostOrPatch.swift */ = {isa = PBXFileReference; lastKnownFileType = sourcecode.swift; path = OpenMarketItemToPostOrPatch.swift; sourceTree = "<group>"; };
		EAED324F26EEF84200892700 /* TextFieldConvertible.swift */ = {isa = PBXFileReference; lastKnownFileType = sourcecode.swift; path = TextFieldConvertible.swift; sourceTree = "<group>"; };
		EAEF60E426774DD900D82B73 /* OpenMarketItemViewController.swift */ = {isa = PBXFileReference; lastKnownFileType = sourcecode.swift; path = OpenMarketItemViewController.swift; sourceTree = "<group>"; };
		EAEF60E8267892D200D82B73 /* ImagePickerCollectionViewCell.swift */ = {isa = PBXFileReference; lastKnownFileType = sourcecode.swift; path = ImagePickerCollectionViewCell.swift; sourceTree = "<group>"; };
		EAEF60EC2678C31900D82B73 /* RemoveDelegate.swift */ = {isa = PBXFileReference; lastKnownFileType = sourcecode.swift; path = RemoveDelegate.swift; sourceTree = "<group>"; };
		EAEF60EF267B76D800D82B73 /* NSMutableData + Extension.swift */ = {isa = PBXFileReference; lastKnownFileType = sourcecode.swift; path = "NSMutableData + Extension.swift"; sourceTree = "<group>"; };
/* End PBXFileReference section */

/* Begin PBXFrameworksBuildPhase section */
		C70FB0F425BEF61C00C9924E /* Frameworks */ = {
			isa = PBXFrameworksBuildPhase;
			buildActionMask = 2147483647;
			files = (
			);
			runOnlyForDeploymentPostprocessing = 0;
		};
		EAB785722665238A0090C7FC /* Frameworks */ = {
			isa = PBXFrameworksBuildPhase;
			buildActionMask = 2147483647;
			files = (
			);
			runOnlyForDeploymentPostprocessing = 0;
		};
/* End PBXFrameworksBuildPhase section */

/* Begin PBXGroup section */
		C70FB0EE25BEF61C00C9924E = {
			isa = PBXGroup;
			children = (
				C70FB0F925BEF61C00C9924E /* OpenMarket */,
				EAB785762665238A0090C7FC /* OpenMarketNetworkTests */,
				C70FB0F825BEF61C00C9924E /* Products */,
			);
			sourceTree = "<group>";
		};
		C70FB0F825BEF61C00C9924E /* Products */ = {
			isa = PBXGroup;
			children = (
				C70FB0F725BEF61C00C9924E /* OpenMarket.app */,
				EAB785752665238A0090C7FC /* OpenMarketNetworkTests.xctest */,
			);
			name = Products;
			sourceTree = "<group>";
		};
		C70FB0F925BEF61C00C9924E /* OpenMarket */ = {
			isa = PBXGroup;
			children = (
				EAB785672664CCC10090C7FC /* Model */,
				EAC6ED3A267C9E22006DDA78 /* View */,
				EA8E9681266E4769001280CF /* Utility */,
				EAB78593266765D70090C7FC /* ViewController */,
				C70FB0FA25BEF61C00C9924E /* AppDelegate.swift */,
				C70FB0FC25BEF61C00C9924E /* SceneDelegate.swift */,
				C70FB10325BEF61D00C9924E /* Assets.xcassets */,
				C70FB10525BEF61D00C9924E /* LaunchScreen.storyboard */,
				C70FB10825BEF61D00C9924E /* Info.plist */,
			);
			path = OpenMarket;
			sourceTree = "<group>";
		};
		EA47611526F4E51300869211 /* Protocol */ = {
			isa = PBXGroup;
			children = (
				EA47611626F4E52B00869211 /* ImageDownloadable.swift */,
				EA47611826F4E89B00869211 /* Networkable.swift */,
				EA47611A26F4EA8100869211 /* CachedImageLoadable.swift */,
				EA47611C26F4EB9400869211 /* DataParsible.swift */,
				EA47612226F4F3DD00869211 /* MultipartFormDataConvertible.swift */,
				EA47612626F4F6FA00869211 /* MultipartFormDataBuildable.swift */,
				EA47612C26F5141900869211 /* RequestBuildable.swift */,
				EAB78585266613910090C7FC /* URLSessionProtocol.swift */,
				EAA7C59E2707363A00270267 /* OpenMarketDataManageable.swift */,
			);
			path = Protocol;
			sourceTree = "<group>";
		};
		EA8E9681266E4769001280CF /* Utility */ = {
			isa = PBXGroup;
			children = (
				EA8E9682266E478A001280CF /* String+Extension.swift */,
				EAEF60EF267B76D800D82B73 /* NSMutableData + Extension.swift */,
				EADC04DC26DD006200A0DF6E /* Date+Extension.swift */,
				EA19BE6B26F0FA08000C3CFC /* Notification.Name+Extension.swift */,
				EA8592B526FDFD32003E1FA7 /* UIImageView+Extension.swift */,
			);
			path = Utility;
			sourceTree = "<group>";
		};
		EAA7C5A027073F1E00270267 /* DataStorage */ = {
			isa = PBXGroup;
			children = (
				EAA7C59C2707359D00270267 /* OpenMarketListDataStorage.swift */,
				EAA7C5A12707406D00270267 /* OpenMarketItemInformationDataStorage.swift */,
				EAA7C5A32707452900270267 /* OpenMarketMultipartFormDataStorage.swift */,
			);
			path = DataStorage;
			sourceTree = "<group>";
		};
		EAB785642664C95D0090C7FC /* Network */ = {
			isa = PBXGroup;
			children = (
				EAB785652664C9760090C7FC /* HTTPMethods.swift */,
				EAB7856F2664E6980090C7FC /* DataError.swift */,
				EAB785982668D8810090C7FC /* NetworkResponseError.swift */,
				EA47610D26F4BBAC00869211 /* Network.swift */,
				EA47612426F4F50900869211 /* MimeType.swift */,
				EA47612826F4F9E600869211 /* OpenMarketURL.swift */,
			);
			path = Network;
			sourceTree = "<group>";
		};
		EAB785672664CCC10090C7FC /* Model */ = {
			isa = PBXGroup;
			children = (
				EAA7C5A027073F1E00270267 /* DataStorage */,
				EA47611526F4E51300869211 /* Protocol */,
				EAB785642664C95D0090C7FC /* Network */,
				EAB7856A2664D0BE0090C7FC /* Manager */,
				EA8E967D266DF913001280CF /* CellLayout.swift */,
				EAB785682664CCEF0090C7FC /* OpenMarketItemList.swift */,
				EADC04D826DCBEB900A0DF6E /* OpenMarketItemWithDetailInformation.swift */,
				EAED324D26EEF80A00892700 /* OpenMarketItemToPostOrPatch.swift */,
				EA5DCEE526F1A9F300A793CC /* OpenMarketItemToDelete.swift */,
				EA5DCF2526F4AFAB00A793CC /* ImageCache.swift */,
			);
			path = Model;
			sourceTree = "<group>";
		};
		EAB7856A2664D0BE0090C7FC /* Manager */ = {
			isa = PBXGroup;
			children = (
				EAC8F7D226915ABA002A07C2 /* ImageCompressor.swift */,
				EA47610B26F4B81700869211 /* CachedImageLoader.swift */,
				EA47611126F4DEA600869211 /* ImageDownloader.swift */,
				EA47610F26F4C65A00869211 /* DataParser.swift */,
				EA47611326F4E4DC00869211 /* OpenMarketDataManager.swift */,
				EA47611E26F4ED1E00869211 /* MultipartFormDataBuilder.swift */,
				EA47612026F4F37500869211 /* MultipartFormDataConverter.swift */,
				EA47612A26F5139400869211 /* RequestBuilder.swift */,
				EA8592B726FF724A003E1FA7 /* CacheManager.swift */,
			);
			path = Manager;
			sourceTree = "<group>";
		};
		EAB785762665238A0090C7FC /* OpenMarketNetworkTests */ = {
			isa = PBXGroup;
			children = (
				EAB785772665238A0090C7FC /* OpenMarketNetworkTests.swift */,
				EA09BCAD270197FC00C20110 /* BuildRequestTest.swift */,
				EA09BCAF2701DB6500C20110 /* MultipartFormConvertTests.swift */,
				EA67D2D22702A34200CB609C /* MultipartFormBuildTests.swift */,
				EA67D2DC27030E1000CB609C /* DownloadImageTests.swift */,
				EA67D2E627034E9B00CB609C /* ImageLoadingTests.swift */,
				EAA7C5892704035700270267 /* OpenMarketDataManageTests.swift */,
				EAA7C5A92708268F00270267 /* OpenMarketListDataStorageTests.swift */,
				EAA7C5AB2708914800270267 /* OpenMarketItemInformationDataStorageTests.swift */,
				EAB785792665238A0090C7FC /* Info.plist */,
				EAB785872666144E0090C7FC /* MockURLSessionDataTask.swift */,
				EAB7858B266615AF0090C7FC /* MockURLSession.swift */,
				EA67D2CE27029C3900CB609C /* MockMultipartFormDataBuilder.swift */,
				EA67D2D42702A5D500CB609C /* SpyMultipartFormDataBuilder.swift */,
				EA67D2DA27030BFC00CB609C /* MockImageDownloader.swift */,
				EA67D2E027033A1D00CB609C /* MockCachedImageLoader.swift */,
				EAA7C5A527081BA300270267 /* MockOpenMarketDataManager.swift */,
				EAA7C5AD2708A56900270267 /* OpenMarketMultipartFormDataStorageTests.swift */,
			);
			path = OpenMarketNetworkTests;
			sourceTree = "<group>";
		};
		EAB7857F2665D92C0090C7FC /* Protocol */ = {
			isa = PBXGroup;
			children = (
				EAEF60EC2678C31900D82B73 /* RemoveDelegate.swift */,
				EAED324F26EEF84200892700 /* TextFieldConvertible.swift */,
			);
			path = Protocol;
			sourceTree = "<group>";
		};
		EAB78593266765D70090C7FC /* ViewController */ = {
			isa = PBXGroup;
			children = (
				EAB7857F2665D92C0090C7FC /* Protocol */,
				C70FB0FE25BEF61C00C9924E /* OpenMarketViewController.swift */,
				EAEF60E426774DD900D82B73 /* OpenMarketItemViewController.swift */,
				EAD0EB2126D670FF0029BE6C /* OpenMarketDetailedItemViewController.swift */,
			);
			path = ViewController;
			sourceTree = "<group>";
		};
		EAC6ED3A267C9E22006DDA78 /* View */ = {
			isa = PBXGroup;
			children = (
				EAEF60EE2678D46800D82B73 /* Cell */,
				EAC6ED3B267C9E52006DDA78 /* TitleTextField.swift */,
				EAC6ED3F267CCC78006DDA78 /* PriceTextField.swift */,
				EAC6ED41267CCDBC006DDA78 /* DiscountedPriceTextField.swift */,
				EAC6ED47267CD789006DDA78 /* CurrencyTextField.swift */,
				EAC6ED43267CCFDF006DDA78 /* StockTextField.swift */,
				EAC6ED45267CD18B006DDA78 /* PasswordTextField.swift */,
			);
			path = View;
			sourceTree = "<group>";
		};
		EAEF60EE2678D46800D82B73 /* Cell */ = {
			isa = PBXGroup;
			children = (
				EAB78596266766130090C7FC /* OpenMarketListCollectionViewCell.swift */,
				EA8E967B266DE472001280CF /* OpenMarketGridCollectionViewCell.swift */,
				EAEF60E8267892D200D82B73 /* ImagePickerCollectionViewCell.swift */,
			);
			path = Cell;
			sourceTree = "<group>";
		};
/* End PBXGroup section */

/* Begin PBXNativeTarget section */
		C70FB0F625BEF61C00C9924E /* OpenMarket */ = {
			isa = PBXNativeTarget;
			buildConfigurationList = C70FB10B25BEF61D00C9924E /* Build configuration list for PBXNativeTarget "OpenMarket" */;
			buildPhases = (
				C70FB0F325BEF61C00C9924E /* Sources */,
				C70FB0F425BEF61C00C9924E /* Frameworks */,
				C70FB0F525BEF61C00C9924E /* Resources */,
			);
			buildRules = (
			);
			dependencies = (
			);
			name = OpenMarket;
			productName = OpenMarket;
			productReference = C70FB0F725BEF61C00C9924E /* OpenMarket.app */;
			productType = "com.apple.product-type.application";
		};
		EAB785742665238A0090C7FC /* OpenMarketNetworkTests */ = {
			isa = PBXNativeTarget;
			buildConfigurationList = EAB7857C2665238A0090C7FC /* Build configuration list for PBXNativeTarget "OpenMarketNetworkTests" */;
			buildPhases = (
				EAB785712665238A0090C7FC /* Sources */,
				EAB785722665238A0090C7FC /* Frameworks */,
				EAB785732665238A0090C7FC /* Resources */,
			);
			buildRules = (
			);
			dependencies = (
				EAB7857B2665238A0090C7FC /* PBXTargetDependency */,
			);
			name = OpenMarketNetworkTests;
			productName = OpenMarketNetworkTests;
			productReference = EAB785752665238A0090C7FC /* OpenMarketNetworkTests.xctest */;
			productType = "com.apple.product-type.bundle.unit-test";
		};
/* End PBXNativeTarget section */

/* Begin PBXProject section */
		C70FB0EF25BEF61C00C9924E /* Project object */ = {
			isa = PBXProject;
			attributes = {
				LastSwiftUpdateCheck = 1300;
				LastUpgradeCheck = 1230;
				TargetAttributes = {
					C70FB0F625BEF61C00C9924E = {
						CreatedOnToolsVersion = 12.3;
					};
					EAB785742665238A0090C7FC = {
						CreatedOnToolsVersion = 12.5;
						TestTargetID = C70FB0F625BEF61C00C9924E;
					};
				};
			};
			buildConfigurationList = C70FB0F225BEF61C00C9924E /* Build configuration list for PBXProject "OpenMarket" */;
			compatibilityVersion = "Xcode 9.3";
			developmentRegion = en;
			hasScannedForEncodings = 0;
			knownRegions = (
				en,
				Base,
			);
			mainGroup = C70FB0EE25BEF61C00C9924E;
			productRefGroup = C70FB0F825BEF61C00C9924E /* Products */;
			projectDirPath = "";
			projectRoot = "";
			targets = (
				C70FB0F625BEF61C00C9924E /* OpenMarket */,
				EAB785742665238A0090C7FC /* OpenMarketNetworkTests */,
			);
		};
/* End PBXProject section */

/* Begin PBXResourcesBuildPhase section */
		C70FB0F525BEF61C00C9924E /* Resources */ = {
			isa = PBXResourcesBuildPhase;
			buildActionMask = 2147483647;
			files = (
				C70FB10725BEF61D00C9924E /* LaunchScreen.storyboard in Resources */,
				C70FB10425BEF61D00C9924E /* Assets.xcassets in Resources */,
			);
			runOnlyForDeploymentPostprocessing = 0;
		};
		EAB785732665238A0090C7FC /* Resources */ = {
			isa = PBXResourcesBuildPhase;
			buildActionMask = 2147483647;
			files = (
			);
			runOnlyForDeploymentPostprocessing = 0;
		};
/* End PBXResourcesBuildPhase section */

/* Begin PBXSourcesBuildPhase section */
		C70FB0F325BEF61C00C9924E /* Sources */ = {
			isa = PBXSourcesBuildPhase;
			buildActionMask = 2147483647;
			files = (
				EA19BE6C26F0FA08000C3CFC /* Notification.Name+Extension.swift in Sources */,
				EAB78586266613910090C7FC /* URLSessionProtocol.swift in Sources */,
				EA8E9683266E478A001280CF /* String+Extension.swift in Sources */,
				EA47612B26F5139400869211 /* RequestBuilder.swift in Sources */,
				EAC6ED46267CD18B006DDA78 /* PasswordTextField.swift in Sources */,
				EAB785702664E6980090C7FC /* DataError.swift in Sources */,
				EAEF60F0267B76D800D82B73 /* NSMutableData + Extension.swift in Sources */,
				EAA7C59D2707359D00270267 /* OpenMarketListDataStorage.swift in Sources */,
				EAB785692664CCEF0090C7FC /* OpenMarketItemList.swift in Sources */,
				EA47611D26F4EB9400869211 /* DataParsible.swift in Sources */,
				EAA7C5A42707452900270267 /* OpenMarketMultipartFormDataStorage.swift in Sources */,
				EADC04DD26DD006200A0DF6E /* Date+Extension.swift in Sources */,
				EA47612926F4F9E600869211 /* OpenMarketURL.swift in Sources */,
				EAEF60E9267892D200D82B73 /* ImagePickerCollectionViewCell.swift in Sources */,
				EA47610E26F4BBAC00869211 /* Network.swift in Sources */,
				EAED324E26EEF80A00892700 /* OpenMarketItemToPostOrPatch.swift in Sources */,
				EAEF60E526774DD900D82B73 /* OpenMarketItemViewController.swift in Sources */,
				EAD0EB2226D670FF0029BE6C /* OpenMarketDetailedItemViewController.swift in Sources */,
				EAB785662664C9760090C7FC /* HTTPMethods.swift in Sources */,
				EAEF60ED2678C31900D82B73 /* RemoveDelegate.swift in Sources */,
				EA5DCEE626F1A9F300A793CC /* OpenMarketItemToDelete.swift in Sources */,
				EAB785992668D8810090C7FC /* NetworkResponseError.swift in Sources */,
				EA47612526F4F50900869211 /* MimeType.swift in Sources */,
				C70FB0FF25BEF61C00C9924E /* OpenMarketViewController.swift in Sources */,
				EADC04D926DCBEB900A0DF6E /* OpenMarketItemWithDetailInformation.swift in Sources */,
				EA47611726F4E52B00869211 /* ImageDownloadable.swift in Sources */,
				EAA7C5A22707406D00270267 /* OpenMarketItemInformationDataStorage.swift in Sources */,
				EA47611026F4C65A00869211 /* DataParser.swift in Sources */,
				EAC8F7D326915ABA002A07C2 /* ImageCompressor.swift in Sources */,
				C70FB0FB25BEF61C00C9924E /* AppDelegate.swift in Sources */,
				EA47611226F4DEA600869211 /* ImageDownloader.swift in Sources */,
				EA47612726F4F6FA00869211 /* MultipartFormDataBuildable.swift in Sources */,
				EA47611926F4E89B00869211 /* Networkable.swift in Sources */,
				C70FB0FD25BEF61C00C9924E /* SceneDelegate.swift in Sources */,
				EAC6ED42267CCDBC006DDA78 /* DiscountedPriceTextField.swift in Sources */,
				EA47610C26F4B81700869211 /* CachedImageLoader.swift in Sources */,
				EA8E967E266DF913001280CF /* CellLayout.swift in Sources */,
				EA47612326F4F3DD00869211 /* MultipartFormDataConvertible.swift in Sources */,
				EA47612126F4F37500869211 /* MultipartFormDataConverter.swift in Sources */,
				EA8592B826FF724A003E1FA7 /* CacheManager.swift in Sources */,
				EAED325026EEF84200892700 /* TextFieldConvertible.swift in Sources */,
				EAC6ED44267CCFDF006DDA78 /* StockTextField.swift in Sources */,
				EA5DCF2626F4AFAB00A793CC /* ImageCache.swift in Sources */,
				EA47611F26F4ED1E00869211 /* MultipartFormDataBuilder.swift in Sources */,
				EAA7C59F2707363A00270267 /* OpenMarketDataManageable.swift in Sources */,
				EA47611426F4E4DC00869211 /* OpenMarketDataManager.swift in Sources */,
				EAC6ED3C267C9E52006DDA78 /* TitleTextField.swift in Sources */,
				EAC6ED40267CCC78006DDA78 /* PriceTextField.swift in Sources */,
				EA8E967C266DE472001280CF /* OpenMarketGridCollectionViewCell.swift in Sources */,
				EA8592B626FDFD32003E1FA7 /* UIImageView+Extension.swift in Sources */,
				EA47611B26F4EA8100869211 /* CachedImageLoadable.swift in Sources */,
				EAB78597266766130090C7FC /* OpenMarketListCollectionViewCell.swift in Sources */,
				EA47612D26F5141900869211 /* RequestBuildable.swift in Sources */,
				EAC6ED48267CD789006DDA78 /* CurrencyTextField.swift in Sources */,
			);
			runOnlyForDeploymentPostprocessing = 0;
		};
		EAB785712665238A0090C7FC /* Sources */ = {
			isa = PBXSourcesBuildPhase;
			buildActionMask = 2147483647;
			files = (
				EA67D2CF27029C3900CB609C /* MockMultipartFormDataBuilder.swift in Sources */,
				EA67D2E727034E9B00CB609C /* ImageLoadingTests.swift in Sources */,
				EA67D2D32702A34200CB609C /* MultipartFormBuildTests.swift in Sources */,
				EAB7858C266615AF0090C7FC /* MockURLSession.swift in Sources */,
				EAB785782665238A0090C7FC /* OpenMarketNetworkTests.swift in Sources */,
				EAA7C5AE2708A56900270267 /* OpenMarketMultipartFormDataStorageTests.swift in Sources */,
				EA09BCAE270197FC00C20110 /* BuildRequestTest.swift in Sources */,
				EA67D2D52702A5D500CB609C /* SpyMultipartFormDataBuilder.swift in Sources */,
				EAA7C5AA2708268F00270267 /* OpenMarketListDataStorageTests.swift in Sources */,
				EA67D2E127033A1D00CB609C /* MockCachedImageLoader.swift in Sources */,
				EA67D2DD27030E1000CB609C /* DownloadImageTests.swift in Sources */,
				EA67D2DB27030BFC00CB609C /* MockImageDownloader.swift in Sources */,
				EAB785882666144E0090C7FC /* MockURLSessionDataTask.swift in Sources */,
				EAA7C5A627081BA300270267 /* MockOpenMarketDataManager.swift in Sources */,
				EAA7C58A2704035700270267 /* OpenMarketDataManageTests.swift in Sources */,
				EA09BCB02701DB6500C20110 /* MultipartFormConvertTests.swift in Sources */,
				EAA7C5AC2708914800270267 /* OpenMarketItemInformationDataStorageTests.swift in Sources */,
			);
			runOnlyForDeploymentPostprocessing = 0;
		};
/* End PBXSourcesBuildPhase section */

/* Begin PBXTargetDependency section */
		EAB7857B2665238A0090C7FC /* PBXTargetDependency */ = {
			isa = PBXTargetDependency;
			target = C70FB0F625BEF61C00C9924E /* OpenMarket */;
			targetProxy = EAB7857A2665238A0090C7FC /* PBXContainerItemProxy */;
		};
/* End PBXTargetDependency section */

/* Begin PBXVariantGroup section */
		C70FB10525BEF61D00C9924E /* LaunchScreen.storyboard */ = {
			isa = PBXVariantGroup;
			children = (
				C70FB10625BEF61D00C9924E /* Base */,
			);
			name = LaunchScreen.storyboard;
			sourceTree = "<group>";
		};
/* End PBXVariantGroup section */

/* Begin XCBuildConfiguration section */
		C70FB10925BEF61D00C9924E /* Debug */ = {
			isa = XCBuildConfiguration;
			buildSettings = {
				ALWAYS_SEARCH_USER_PATHS = NO;
				CLANG_ANALYZER_NONNULL = YES;
				CLANG_ANALYZER_NUMBER_OBJECT_CONVERSION = YES_AGGRESSIVE;
				CLANG_CXX_LANGUAGE_STANDARD = "gnu++14";
				CLANG_CXX_LIBRARY = "libc++";
				CLANG_ENABLE_MODULES = YES;
				CLANG_ENABLE_OBJC_ARC = YES;
				CLANG_ENABLE_OBJC_WEAK = YES;
				CLANG_WARN_BLOCK_CAPTURE_AUTORELEASING = YES;
				CLANG_WARN_BOOL_CONVERSION = YES;
				CLANG_WARN_COMMA = YES;
				CLANG_WARN_CONSTANT_CONVERSION = YES;
				CLANG_WARN_DEPRECATED_OBJC_IMPLEMENTATIONS = YES;
				CLANG_WARN_DIRECT_OBJC_ISA_USAGE = YES_ERROR;
				CLANG_WARN_DOCUMENTATION_COMMENTS = YES;
				CLANG_WARN_EMPTY_BODY = YES;
				CLANG_WARN_ENUM_CONVERSION = YES;
				CLANG_WARN_INFINITE_RECURSION = YES;
				CLANG_WARN_INT_CONVERSION = YES;
				CLANG_WARN_NON_LITERAL_NULL_CONVERSION = YES;
				CLANG_WARN_OBJC_IMPLICIT_RETAIN_SELF = YES;
				CLANG_WARN_OBJC_LITERAL_CONVERSION = YES;
				CLANG_WARN_OBJC_ROOT_CLASS = YES_ERROR;
				CLANG_WARN_QUOTED_INCLUDE_IN_FRAMEWORK_HEADER = YES;
				CLANG_WARN_RANGE_LOOP_ANALYSIS = YES;
				CLANG_WARN_STRICT_PROTOTYPES = YES;
				CLANG_WARN_SUSPICIOUS_MOVE = YES;
				CLANG_WARN_UNGUARDED_AVAILABILITY = YES_AGGRESSIVE;
				CLANG_WARN_UNREACHABLE_CODE = YES;
				CLANG_WARN__DUPLICATE_METHOD_MATCH = YES;
				COPY_PHASE_STRIP = NO;
				DEBUG_INFORMATION_FORMAT = dwarf;
				ENABLE_STRICT_OBJC_MSGSEND = YES;
				ENABLE_TESTABILITY = YES;
				GCC_C_LANGUAGE_STANDARD = gnu11;
				GCC_DYNAMIC_NO_PIC = NO;
				GCC_NO_COMMON_BLOCKS = YES;
				GCC_OPTIMIZATION_LEVEL = 0;
				GCC_PREPROCESSOR_DEFINITIONS = (
					"DEBUG=1",
					"$(inherited)",
				);
				GCC_WARN_64_TO_32_BIT_CONVERSION = YES;
				GCC_WARN_ABOUT_RETURN_TYPE = YES_ERROR;
				GCC_WARN_UNDECLARED_SELECTOR = YES;
				GCC_WARN_UNINITIALIZED_AUTOS = YES_AGGRESSIVE;
				GCC_WARN_UNUSED_FUNCTION = YES;
				GCC_WARN_UNUSED_VARIABLE = YES;
				IPHONEOS_DEPLOYMENT_TARGET = 13.2;
				MTL_ENABLE_DEBUG_INFO = INCLUDE_SOURCE;
				MTL_FAST_MATH = YES;
				ONLY_ACTIVE_ARCH = YES;
				SDKROOT = iphoneos;
				SWIFT_ACTIVE_COMPILATION_CONDITIONS = DEBUG;
				SWIFT_OPTIMIZATION_LEVEL = "-Onone";
			};
			name = Debug;
		};
		C70FB10A25BEF61D00C9924E /* Release */ = {
			isa = XCBuildConfiguration;
			buildSettings = {
				ALWAYS_SEARCH_USER_PATHS = NO;
				CLANG_ANALYZER_NONNULL = YES;
				CLANG_ANALYZER_NUMBER_OBJECT_CONVERSION = YES_AGGRESSIVE;
				CLANG_CXX_LANGUAGE_STANDARD = "gnu++14";
				CLANG_CXX_LIBRARY = "libc++";
				CLANG_ENABLE_MODULES = YES;
				CLANG_ENABLE_OBJC_ARC = YES;
				CLANG_ENABLE_OBJC_WEAK = YES;
				CLANG_WARN_BLOCK_CAPTURE_AUTORELEASING = YES;
				CLANG_WARN_BOOL_CONVERSION = YES;
				CLANG_WARN_COMMA = YES;
				CLANG_WARN_CONSTANT_CONVERSION = YES;
				CLANG_WARN_DEPRECATED_OBJC_IMPLEMENTATIONS = YES;
				CLANG_WARN_DIRECT_OBJC_ISA_USAGE = YES_ERROR;
				CLANG_WARN_DOCUMENTATION_COMMENTS = YES;
				CLANG_WARN_EMPTY_BODY = YES;
				CLANG_WARN_ENUM_CONVERSION = YES;
				CLANG_WARN_INFINITE_RECURSION = YES;
				CLANG_WARN_INT_CONVERSION = YES;
				CLANG_WARN_NON_LITERAL_NULL_CONVERSION = YES;
				CLANG_WARN_OBJC_IMPLICIT_RETAIN_SELF = YES;
				CLANG_WARN_OBJC_LITERAL_CONVERSION = YES;
				CLANG_WARN_OBJC_ROOT_CLASS = YES_ERROR;
				CLANG_WARN_QUOTED_INCLUDE_IN_FRAMEWORK_HEADER = YES;
				CLANG_WARN_RANGE_LOOP_ANALYSIS = YES;
				CLANG_WARN_STRICT_PROTOTYPES = YES;
				CLANG_WARN_SUSPICIOUS_MOVE = YES;
				CLANG_WARN_UNGUARDED_AVAILABILITY = YES_AGGRESSIVE;
				CLANG_WARN_UNREACHABLE_CODE = YES;
				CLANG_WARN__DUPLICATE_METHOD_MATCH = YES;
				COPY_PHASE_STRIP = NO;
				DEBUG_INFORMATION_FORMAT = "dwarf-with-dsym";
				ENABLE_NS_ASSERTIONS = NO;
				ENABLE_STRICT_OBJC_MSGSEND = YES;
				GCC_C_LANGUAGE_STANDARD = gnu11;
				GCC_NO_COMMON_BLOCKS = YES;
				GCC_WARN_64_TO_32_BIT_CONVERSION = YES;
				GCC_WARN_ABOUT_RETURN_TYPE = YES_ERROR;
				GCC_WARN_UNDECLARED_SELECTOR = YES;
				GCC_WARN_UNINITIALIZED_AUTOS = YES_AGGRESSIVE;
				GCC_WARN_UNUSED_FUNCTION = YES;
				GCC_WARN_UNUSED_VARIABLE = YES;
				IPHONEOS_DEPLOYMENT_TARGET = 13.2;
				MTL_ENABLE_DEBUG_INFO = NO;
				MTL_FAST_MATH = YES;
				SDKROOT = iphoneos;
				SWIFT_COMPILATION_MODE = wholemodule;
				SWIFT_OPTIMIZATION_LEVEL = "-O";
				VALIDATE_PRODUCT = YES;
			};
			name = Release;
		};
		C70FB10C25BEF61D00C9924E /* Debug */ = {
			isa = XCBuildConfiguration;
			buildSettings = {
				ASSETCATALOG_COMPILER_APPICON_NAME = AppIcon;
				ASSETCATALOG_COMPILER_GLOBAL_ACCENT_COLOR_NAME = AccentColor;
				CODE_SIGN_IDENTITY = "Apple Development";
				CODE_SIGN_STYLE = Automatic;
				DEVELOPMENT_TEAM = Z34KHT5SJG;
				INFOPLIST_FILE = OpenMarket/Info.plist;
				IPHONEOS_DEPLOYMENT_TARGET = 13.2;
				LD_RUNPATH_SEARCH_PATHS = (
					"$(inherited)",
					"@executable_path/Frameworks",
				);
				PRODUCT_BUNDLE_IDENTIFIER = net.yagom.OpenMarket.james;
				PRODUCT_NAME = "$(TARGET_NAME)";
				PROVISIONING_PROFILE_SPECIFIER = "";
				SWIFT_VERSION = 5.0;
				TARGETED_DEVICE_FAMILY = "1,2";
			};
			name = Debug;
		};
		C70FB10D25BEF61D00C9924E /* Release */ = {
			isa = XCBuildConfiguration;
			buildSettings = {
				ASSETCATALOG_COMPILER_APPICON_NAME = AppIcon;
				ASSETCATALOG_COMPILER_GLOBAL_ACCENT_COLOR_NAME = AccentColor;
				CODE_SIGN_IDENTITY = "Apple Development";
				CODE_SIGN_STYLE = Automatic;
				DEVELOPMENT_TEAM = Z34KHT5SJG;
				INFOPLIST_FILE = OpenMarket/Info.plist;
				IPHONEOS_DEPLOYMENT_TARGET = 13.2;
				LD_RUNPATH_SEARCH_PATHS = (
					"$(inherited)",
					"@executable_path/Frameworks",
				);
				PRODUCT_BUNDLE_IDENTIFIER = net.yagom.OpenMarket.james;
				PRODUCT_NAME = "$(TARGET_NAME)";
				PROVISIONING_PROFILE_SPECIFIER = "";
				SWIFT_VERSION = 5.0;
				TARGETED_DEVICE_FAMILY = "1,2";
			};
			name = Release;
		};
		EAB7857D2665238A0090C7FC /* Debug */ = {
			isa = XCBuildConfiguration;
			buildSettings = {
				BUNDLE_LOADER = "$(TEST_HOST)";
				CODE_SIGN_STYLE = Automatic;
				INFOPLIST_FILE = OpenMarketNetworkTests/Info.plist;
				IPHONEOS_DEPLOYMENT_TARGET = 14.5;
				LD_RUNPATH_SEARCH_PATHS = (
					"$(inherited)",
					"@executable_path/Frameworks",
					"@loader_path/Frameworks",
				);
				PRODUCT_BUNDLE_IDENTIFIER = com.inwoodev.OpenMarketNetworkTests;
				PRODUCT_NAME = "$(TARGET_NAME)";
				SWIFT_VERSION = 5.0;
				TARGETED_DEVICE_FAMILY = "1,2";
				TEST_HOST = "$(BUILT_PRODUCTS_DIR)/OpenMarket.app/OpenMarket";
			};
			name = Debug;
		};
		EAB7857E2665238A0090C7FC /* Release */ = {
			isa = XCBuildConfiguration;
			buildSettings = {
				BUNDLE_LOADER = "$(TEST_HOST)";
				CODE_SIGN_STYLE = Automatic;
				INFOPLIST_FILE = OpenMarketNetworkTests/Info.plist;
				IPHONEOS_DEPLOYMENT_TARGET = 14.5;
				LD_RUNPATH_SEARCH_PATHS = (
					"$(inherited)",
					"@executable_path/Frameworks",
					"@loader_path/Frameworks",
				);
				PRODUCT_BUNDLE_IDENTIFIER = com.inwoodev.OpenMarketNetworkTests;
				PRODUCT_NAME = "$(TARGET_NAME)";
				SWIFT_VERSION = 5.0;
				TARGETED_DEVICE_FAMILY = "1,2";
				TEST_HOST = "$(BUILT_PRODUCTS_DIR)/OpenMarket.app/OpenMarket";
			};
			name = Release;
		};
/* End XCBuildConfiguration section */

/* Begin XCConfigurationList section */
		C70FB0F225BEF61C00C9924E /* Build configuration list for PBXProject "OpenMarket" */ = {
			isa = XCConfigurationList;
			buildConfigurations = (
				C70FB10925BEF61D00C9924E /* Debug */,
				C70FB10A25BEF61D00C9924E /* Release */,
			);
			defaultConfigurationIsVisible = 0;
			defaultConfigurationName = Release;
		};
		C70FB10B25BEF61D00C9924E /* Build configuration list for PBXNativeTarget "OpenMarket" */ = {
			isa = XCConfigurationList;
			buildConfigurations = (
				C70FB10C25BEF61D00C9924E /* Debug */,
				C70FB10D25BEF61D00C9924E /* Release */,
			);
			defaultConfigurationIsVisible = 0;
			defaultConfigurationName = Release;
		};
		EAB7857C2665238A0090C7FC /* Build configuration list for PBXNativeTarget "OpenMarketNetworkTests" */ = {
			isa = XCConfigurationList;
			buildConfigurations = (
				EAB7857D2665238A0090C7FC /* Debug */,
				EAB7857E2665238A0090C7FC /* Release */,
			);
			defaultConfigurationIsVisible = 0;
			defaultConfigurationName = Release;
		};
/* End XCConfigurationList section */
	};
	rootObject = C70FB0EF25BEF61C00C9924E /* Project object */;
}
